
Microsoft Visual Studio Solution File, Format Version 12.00
# Visual Studio Version 17
VisualStudioVersion = 17.7.34009.444
MinimumVisualStudioVersion = 10.0.40219.1
Project("{9A19103F-16F7-4668-BE54-9A1E7A4F7556}") = "WebApi", "SF.WebApi\WebApi.csproj", "{B466864C-2D1E-4861-8BBF-CCB6A3DEFD0C}"
EndProject
Project("{9A19103F-16F7-4668-BE54-9A1E7A4F7556}") = "Manager", "SF.Manager\Manager.csproj", "{9C10A802-8112-4CC8-A3BF-0861C63BE56B}"
EndProject
Project("{9A19103F-16F7-4668-BE54-9A1E7A4F7556}") = "Data", "SF.Data\Data.csproj", "{A37C2B8D-F481-4945-A848-86ADBE18F3EC}"
EndProject
Project("{9A19103F-16F7-4668-BE54-9A1E7A4F7556}") = "Core", "SF.Core\Core.csproj", "{964B3368-1DC5-417E-A28D-9F188A0F0A27}"
EndProject
Project("{9A19103F-16F7-4668-BE54-9A1E7A4F7556}") = "Tests", "SF.Tests\Tests.csproj", "{84C80670-FCC3-43BC-BB4E-486A72055197}"
EndProject
Global
	GlobalSection(SolutionConfigurationPlatforms) = preSolution
		Debug|Any CPU = Debug|Any CPU
		Release|Any CPU = Release|Any CPU
	EndGlobalSection
	GlobalSection(ProjectConfigurationPlatforms) = postSolution
		{B466864C-2D1E-4861-8BBF-CCB6A3DEFD0C}.Debug|Any CPU.ActiveCfg = Debug|Any CPU
		{B466864C-2D1E-4861-8BBF-CCB6A3DEFD0C}.Debug|Any CPU.Build.0 = Debug|Any CPU
		{B466864C-2D1E-4861-8BBF-CCB6A3DEFD0C}.Release|Any CPU.ActiveCfg = Release|Any CPU
		{B466864C-2D1E-4861-8BBF-CCB6A3DEFD0C}.Release|Any CPU.Build.0 = Release|Any CPU
		{9C10A802-8112-4CC8-A3BF-0861C63BE56B}.Debug|Any CPU.ActiveCfg = Debug|Any CPU
		{9C10A802-8112-4CC8-A3BF-0861C63BE56B}.Debug|Any CPU.Build.0 = Debug|Any CPU
		{9C10A802-8112-4CC8-A3BF-0861C63BE56B}.Release|Any CPU.ActiveCfg = Release|Any CPU
		{9C10A802-8112-4CC8-A3BF-0861C63BE56B}.Release|Any CPU.Build.0 = Release|Any CPU
		{A37C2B8D-F481-4945-A848-86ADBE18F3EC}.Debug|Any CPU.ActiveCfg = Debug|Any CPU
		{A37C2B8D-F481-4945-A848-86ADBE18F3EC}.Debug|Any CPU.Build.0 = Debug|Any CPU
		{A37C2B8D-F481-4945-A848-86ADBE18F3EC}.Release|Any CPU.ActiveCfg = Release|Any CPU
		{A37C2B8D-F481-4945-A848-86ADBE18F3EC}.Release|Any CPU.Build.0 = Release|Any CPU
		{964B3368-1DC5-417E-A28D-9F188A0F0A27}.Debug|Any CPU.ActiveCfg = Debug|Any CPU
		{964B3368-1DC5-417E-A28D-9F188A0F0A27}.Debug|Any CPU.Build.0 = Debug|Any CPU
		{964B3368-1DC5-417E-A28D-9F188A0F0A27}.Release|Any CPU.ActiveCfg = Release|Any CPU
		{964B3368-1DC5-417E-A28D-9F188A0F0A27}.Release|Any CPU.Build.0 = Release|Any CPU
		{84C80670-FCC3-43BC-BB4E-486A72055197}.Debug|Any CPU.ActiveCfg = Debug|Any CPU
		{84C80670-FCC3-43BC-BB4E-486A72055197}.Debug|Any CPU.Build.0 = Debug|Any CPU
		{84C80670-FCC3-43BC-BB4E-486A72055197}.Release|Any CPU.ActiveCfg = Release|Any CPU
		{84C80670-FCC3-43BC-BB4E-486A72055197}.Release|Any CPU.Build.0 = Release|Any CPU
	EndGlobalSection
	GlobalSection(SolutionProperties) = preSolution
		HideSolutionNode = FALSE
	EndGlobalSection
	GlobalSection(ExtensibilityGlobals) = postSolution
		SolutionGuid = {2A7788FB-4B8A-4494-80AE-F4264BE87720}
	EndGlobalSection
EndGlobal
