
Microsoft Visual Studio Solution File, Format Version 12.00
# Visual Studio Version 17
VisualStudioVersion = 17.7.34009.444
MinimumVisualStudioVersion = 10.0.40219.1
Project("{9A19103F-16F7-4668-BE54-9A1E7A4F7556}") = "SF-WebApi", "SF.WebApi\SF-WebApi.csproj", "{B466864C-2D1E-4861-8BBF-CCB6A3DEFD0C}"
EndProject
Project("{2150E333-8FDC-42A3-9474-1A3956D46DE8}") = "1 - SF.WebApi", "1 - SF.WebApi", "{0EF4B767-2EBE-4808-88B8-54CB02728432}"
EndProject
Project("{2150E333-8FDC-42A3-9474-1A3956D46DE8}") = "2 - SF.Manager", "2 - SF.Manager", "{E6E1BEF1-01DA-4F06-8C96-F045AB46F38C}"
EndProject
Project("{2150E333-8FDC-42A3-9474-1A3956D46DE8}") = "3 - SF.Data", "3 - SF.Data", "{BCEAD90A-72A7-4BB3-818B-9548A9D6C902}"
EndProject
Project("{2150E333-8FDC-42A3-9474-1A3956D46DE8}") = "4 - SF.Core", "4 - SF.Core", "{775365C7-51AD-40A1-A21C-AAE66645D9FD}"
EndProject
Project("{2150E333-8FDC-42A3-9474-1A3956D46DE8}") = "5 - SF.Tests", "5 - SF.Tests", "{739E3A05-5CB2-4C0E-BC0B-645AD94B5C39}"
EndProject
Project("{9A19103F-16F7-4668-BE54-9A1E7A4F7556}") = "SF-Manager", "SF.Manager\SF-Manager.csproj", "{9C10A802-8112-4CC8-A3BF-0861C63BE56B}"
EndProject
Project("{9A19103F-16F7-4668-BE54-9A1E7A4F7556}") = "SF-Data", "SF.Data\SF-Data.csproj", "{A37C2B8D-F481-4945-A848-86ADBE18F3EC}"
EndProject
Project("{9A19103F-16F7-4668-BE54-9A1E7A4F7556}") = "SF-Core", "SF.Core\SF-Core.csproj", "{964B3368-1DC5-417E-A28D-9F188A0F0A27}"
EndProject
Project("{9A19103F-16F7-4668-BE54-9A1E7A4F7556}") = "SF-Tests", "SF.Tests\SF-Tests.csproj", "{84C80670-FCC3-43BC-BB4E-486A72055197}"
EndProject
Global
	GlobalSection(SolutionConfigurationPlatforms) = preSolution
		Debug|Any CPU = Debug|Any CPU
		Release|Any CPU = Release|Any CPU
	EndGlobalSection
	GlobalSection(ProjectConfigurationPlatforms) = postSolution
		{B466864C-2D1E-4861-8BBF-CCB6A3DEFD0C}.Debug|Any CPU.ActiveCfg = Debug|Any CPU
		{B466864C-2D1E-4861-8BBF-CCB6A3DEFD0C}.Debug|Any CPU.Build.0 = Debug|Any CPU
		{B466864C-2D1E-4861-8BBF-CCB6A3DEFD0C}.Release|Any CPU.ActiveCfg = Release|Any CPU
		{B466864C-2D1E-4861-8BBF-CCB6A3DEFD0C}.Release|Any CPU.Build.0 = Release|Any CPU
		{9C10A802-8112-4CC8-A3BF-0861C63BE56B}.Debug|Any CPU.ActiveCfg = Debug|Any CPU
		{9C10A802-8112-4CC8-A3BF-0861C63BE56B}.Debug|Any CPU.Build.0 = Debug|Any CPU
		{9C10A802-8112-4CC8-A3BF-0861C63BE56B}.Release|Any CPU.ActiveCfg = Release|Any CPU
		{9C10A802-8112-4CC8-A3BF-0861C63BE56B}.Release|Any CPU.Build.0 = Release|Any CPU
		{A37C2B8D-F481-4945-A848-86ADBE18F3EC}.Debug|Any CPU.ActiveCfg = Debug|Any CPU
		{A37C2B8D-F481-4945-A848-86ADBE18F3EC}.Debug|Any CPU.Build.0 = Debug|Any CPU
		{A37C2B8D-F481-4945-A848-86ADBE18F3EC}.Release|Any CPU.ActiveCfg = Release|Any CPU
		{A37C2B8D-F481-4945-A848-86ADBE18F3EC}.Release|Any CPU.Build.0 = Release|Any CPU
		{964B3368-1DC5-417E-A28D-9F188A0F0A27}.Debug|Any CPU.ActiveCfg = Debug|Any CPU
		{964B3368-1DC5-417E-A28D-9F188A0F0A27}.Debug|Any CPU.Build.0 = Debug|Any CPU
		{964B3368-1DC5-417E-A28D-9F188A0F0A27}.Release|Any CPU.ActiveCfg = Release|Any CPU
		{964B3368-1DC5-417E-A28D-9F188A0F0A27}.Release|Any CPU.Build.0 = Release|Any CPU
		{84C80670-FCC3-43BC-BB4E-486A72055197}.Debug|Any CPU.ActiveCfg = Debug|Any CPU
		{84C80670-FCC3-43BC-BB4E-486A72055197}.Debug|Any CPU.Build.0 = Debug|Any CPU
		{84C80670-FCC3-43BC-BB4E-486A72055197}.Release|Any CPU.ActiveCfg = Release|Any CPU
		{84C80670-FCC3-43BC-BB4E-486A72055197}.Release|Any CPU.Build.0 = Release|Any CPU
	EndGlobalSection
	GlobalSection(SolutionProperties) = preSolution
		HideSolutionNode = FALSE
	EndGlobalSection
	GlobalSection(NestedProjects) = preSolution
		{B466864C-2D1E-4861-8BBF-CCB6A3DEFD0C} = {0EF4B767-2EBE-4808-88B8-54CB02728432}
		{9C10A802-8112-4CC8-A3BF-0861C63BE56B} = {E6E1BEF1-01DA-4F06-8C96-F045AB46F38C}
		{A37C2B8D-F481-4945-A848-86ADBE18F3EC} = {BCEAD90A-72A7-4BB3-818B-9548A9D6C902}
		{964B3368-1DC5-417E-A28D-9F188A0F0A27} = {775365C7-51AD-40A1-A21C-AAE66645D9FD}
		{84C80670-FCC3-43BC-BB4E-486A72055197} = {739E3A05-5CB2-4C0E-BC0B-645AD94B5C39}
	EndGlobalSection
	GlobalSection(ExtensibilityGlobals) = postSolution
		SolutionGuid = {2A7788FB-4B8A-4494-80AE-F4264BE87720}
	EndGlobalSection
EndGlobal
